
Microsoft Visual Studio Solution File, Format Version 12.00
# Visual Studio Version 16
VisualStudioVersion = 16.0.33214.272
MinimumVisualStudioVersion = 10.0.40219.1
Project("{9A19103F-16F7-4668-BE54-9A1E7A4F7556}") = "UserService", "UserService\UserService.csproj", "{B102ED59-EEB9-4E5C-8E3E-ED8B310310D3}"
EndProject
Project("{FAE04EC0-301F-11D3-BF4B-00C04F79EFBC}") = "APIGateway", "APIGateway\APIGateway.csproj", "{518895CE-EB5C-448B-AD65-923F2E1C553B}"
EndProject
Global
	GlobalSection(SolutionConfigurationPlatforms) = preSolution
		Debug|Any CPU = Debug|Any CPU
		Release|Any CPU = Release|Any CPU
	EndGlobalSection
	GlobalSection(ProjectConfigurationPlatforms) = postSolution
		{B102ED59-EEB9-4E5C-8E3E-ED8B310310D3}.Debug|Any CPU.ActiveCfg = Debug|Any CPU
		{B102ED59-EEB9-4E5C-8E3E-ED8B310310D3}.Debug|Any CPU.Build.0 = Debug|Any CPU
		{B102ED59-EEB9-4E5C-8E3E-ED8B310310D3}.Release|Any CPU.ActiveCfg = Release|Any CPU
		{B102ED59-EEB9-4E5C-8E3E-ED8B310310D3}.Release|Any CPU.Build.0 = Release|Any CPU
		{518895CE-EB5C-448B-AD65-923F2E1C553B}.Debug|Any CPU.ActiveCfg = Debug|Any CPU
		{518895CE-EB5C-448B-AD65-923F2E1C553B}.Debug|Any CPU.Build.0 = Debug|Any CPU
		{518895CE-EB5C-448B-AD65-923F2E1C553B}.Release|Any CPU.ActiveCfg = Release|Any CPU
		{518895CE-EB5C-448B-AD65-923F2E1C553B}.Release|Any CPU.Build.0 = Release|Any CPU
	EndGlobalSection
	GlobalSection(SolutionProperties) = preSolution
		HideSolutionNode = FALSE
	EndGlobalSection
	GlobalSection(ExtensibilityGlobals) = postSolution
		SolutionGuid = {C7BF6301-A9A7-44B1-BF37-6C757DB69533}
	EndGlobalSection
EndGlobal
