
Microsoft Visual Studio Solution File, Format Version 12.00
# Visual Studio Version 16
VisualStudioVersion = 16.0.33214.272
MinimumVisualStudioVersion = 10.0.40219.1
Project("{9A19103F-16F7-4668-BE54-9A1E7A4F7556}") = "OrderService", "OrderService\OrderService.csproj", "{453AA54A-1848-46D9-A15D-EEF39E1A5063}"
EndProject
Project("{9A19103F-16F7-4668-BE54-9A1E7A4F7556}") = "InventoryService", "InventoryService\InventoryService.csproj", "{4C7DC360-AA15-440E-AF61-0052C3E1611C}"
EndProject
Project("{9A19103F-16F7-4668-BE54-9A1E7A4F7556}") = "SharedModels", "SharedModels\SharedModels.csproj", "{E3DEF749-CC33-484E-B38A-048479629B21}"
EndProject
Project("{FAE04EC0-301F-11D3-BF4B-00C04F79EFBC}") = "CommandSrvc", "CommandSrvc\CommandSrvc.csproj", "{8BCC20D4-45D1-45D0-B6BC-CF2A67E160D0}"
EndProject
Project("{FAE04EC0-301F-11D3-BF4B-00C04F79EFBC}") = "QuerySrvc", "QuerySrvc\QuerySrvc.csproj", "{A15832FA-F03E-4088-AD3C-BCE8C8F242D1}"
EndProject
Global
	GlobalSection(SolutionConfigurationPlatforms) = preSolution
		Debug|Any CPU = Debug|Any CPU
		Release|Any CPU = Release|Any CPU
	EndGlobalSection
	GlobalSection(ProjectConfigurationPlatforms) = postSolution
		{453AA54A-1848-46D9-A15D-EEF39E1A5063}.Debug|Any CPU.ActiveCfg = Debug|Any CPU
		{453AA54A-1848-46D9-A15D-EEF39E1A5063}.Debug|Any CPU.Build.0 = Debug|Any CPU
		{453AA54A-1848-46D9-A15D-EEF39E1A5063}.Release|Any CPU.ActiveCfg = Release|Any CPU
		{453AA54A-1848-46D9-A15D-EEF39E1A5063}.Release|Any CPU.Build.0 = Release|Any CPU
		{4C7DC360-AA15-440E-AF61-0052C3E1611C}.Debug|Any CPU.ActiveCfg = Debug|Any CPU
		{4C7DC360-AA15-440E-AF61-0052C3E1611C}.Debug|Any CPU.Build.0 = Debug|Any CPU
		{4C7DC360-AA15-440E-AF61-0052C3E1611C}.Release|Any CPU.ActiveCfg = Release|Any CPU
		{4C7DC360-AA15-440E-AF61-0052C3E1611C}.Release|Any CPU.Build.0 = Release|Any CPU
		{E3DEF749-CC33-484E-B38A-048479629B21}.Debug|Any CPU.ActiveCfg = Debug|Any CPU
		{E3DEF749-CC33-484E-B38A-048479629B21}.Debug|Any CPU.Build.0 = Debug|Any CPU
		{E3DEF749-CC33-484E-B38A-048479629B21}.Release|Any CPU.ActiveCfg = Release|Any CPU
		{E3DEF749-CC33-484E-B38A-048479629B21}.Release|Any CPU.Build.0 = Release|Any CPU
		{8BCC20D4-45D1-45D0-B6BC-CF2A67E160D0}.Debug|Any CPU.ActiveCfg = Debug|Any CPU
		{8BCC20D4-45D1-45D0-B6BC-CF2A67E160D0}.Debug|Any CPU.Build.0 = Debug|Any CPU
		{8BCC20D4-45D1-45D0-B6BC-CF2A67E160D0}.Release|Any CPU.ActiveCfg = Release|Any CPU
		{8BCC20D4-45D1-45D0-B6BC-CF2A67E160D0}.Release|Any CPU.Build.0 = Release|Any CPU
		{A15832FA-F03E-4088-AD3C-BCE8C8F242D1}.Debug|Any CPU.ActiveCfg = Debug|Any CPU
		{A15832FA-F03E-4088-AD3C-BCE8C8F242D1}.Debug|Any CPU.Build.0 = Debug|Any CPU
		{A15832FA-F03E-4088-AD3C-BCE8C8F242D1}.Release|Any CPU.ActiveCfg = Release|Any CPU
		{A15832FA-F03E-4088-AD3C-BCE8C8F242D1}.Release|Any CPU.Build.0 = Release|Any CPU
	EndGlobalSection
	GlobalSection(SolutionProperties) = preSolution
		HideSolutionNode = FALSE
	EndGlobalSection
	GlobalSection(ExtensibilityGlobals) = postSolution
		SolutionGuid = {6ACE12EB-C700-413F-9319-6B7896A75D7C}
	EndGlobalSection
EndGlobal
